{
  "version": 4,
  "terraform_version": "1.0.0",
  "serial": 22,
  "lineage": "7e875d82-d935-585b-28e0-e9b219d11df4",
  "outputs": {
    "boot_volume_ids": {
      "value": [
        [
          "ocid1.bootvolume.oc1.iad.abuwcljtftywx3bomfb53imhg2qkkjkdwlvopk33igjwjf4owhlcmzge3mya"
        ]
      ],
      "type": [
        "tuple",
        [
          [
            "tuple",
            [
              "string"
            ]
          ]
        ]
      ]
    },
    "instance_devices": {
      "value": [
        [
          [
            {
              "is_available": false,
              "name": "/dev/oracleoci/oraclevdb"
            },
            {
              "is_available": true,
              "name": "/dev/oracleoci/oraclevdc"
            },
            {
              "is_available": true,
              "name": "/dev/oracleoci/oraclevdd"
            },
            {
              "is_available": true,
              "name": "/dev/oracleoci/oraclevde"
            },
            {
              "is_available": true,
              "name": "/dev/oracleoci/oraclevdf"
            },
            {
              "is_available": true,
              "name": "/dev/oracleoci/oraclevdg"
            },
            {
              "is_available": true,
              "name": "/dev/oracleoci/oraclevdh"
            },
            {
              "is_available": true,
              "name": "/dev/oracleoci/oraclevdi"
            },
            {
              "is_available": true,
              "name": "/dev/oracleoci/oraclevdj"
            },
            {
              "is_available": true,
              "name": "/dev/oracleoci/oraclevdk"
            },
            {
              "is_available": true,
              "name": "/dev/oracleoci/oraclevdl"
            },
            {
              "is_available": true,
              "name": "/dev/oracleoci/oraclevdm"
            },
            {
              "is_available": true,
              "name": "/dev/oracleoci/oraclevdn"
            },
            {
              "is_available": true,
              "name": "/dev/oracleoci/oraclevdo"
            },
            {
              "is_available": true,
              "name": "/dev/oracleoci/oraclevdp"
            },
            {
              "is_available": true,
              "name": "/dev/oracleoci/oraclevdq"
            },
            {
              "is_available": true,
              "name": "/dev/oracleoci/oraclevdr"
            },
            {
              "is_available": true,
              "name": "/dev/oracleoci/oraclevds"
            },
            {
              "is_available": true,
              "name": "/dev/oracleoci/oraclevdt"
            },
            {
              "is_available": true,
              "name": "/dev/oracleoci/oraclevdu"
            },
            {
              "is_available": true,
              "name": "/dev/oracleoci/oraclevdv"
            },
            {
              "is_available": true,
              "name": "/dev/oracleoci/oraclevdw"
            },
            {
              "is_available": true,
              "name": "/dev/oracleoci/oraclevdx"
            },
            {
              "is_available": true,
              "name": "/dev/oracleoci/oraclevdy"
            },
            {
              "is_available": true,
              "name": "/dev/oracleoci/oraclevdz"
            },
            {
              "is_available": true,
              "name": "/dev/oracleoci/oraclevdaa"
            },
            {
              "is_available": true,
              "name": "/dev/oracleoci/oraclevdab"
            },
            {
              "is_available": true,
              "name": "/dev/oracleoci/oraclevdac"
            },
            {
              "is_available": true,
              "name": "/dev/oracleoci/oraclevdad"
            },
            {
              "is_available": true,
              "name": "/dev/oracleoci/oraclevdae"
            },
            {
              "is_available": true,
              "name": "/dev/oracleoci/oraclevdaf"
            },
            {
              "is_available": true,
              "name": "/dev/oracleoci/oraclevdag"
            }
          ]
        ]
      ],
      "type": [
        "tuple",
        [
          [
            "tuple",
            [
              [
                "list",
                [
                  "object",
                  {
                    "is_available": "bool",
                    "name": "string"
                  }
                ]
              ]
            ]
          ]
        ]
      ]
    },
    "instance_private_ips": {
      "value": [
        [
          "10.1.20.92"
        ]
      ],
      "type": [
        "tuple",
        [
          [
            "tuple",
            [
              "string"
            ]
          ]
        ]
      ]
    },
    "instance_public_ips": {
      "value": [
        [
          "158.101.114.67"
        ]
      ],
      "type": [
        "tuple",
        [
          [
            "tuple",
            [
              "string"
            ]
          ]
        ]
      ]
    }
  },
  "resources": [
    {
      "mode": "data",
      "type": "oci_core_instance_devices",
      "name": "test_instance_devices",
      "provider": "provider[\"registry.terraform.io/hashicorp/oci\"]",
      "instances": [
        {
          "index_key": 0,
          "schema_version": 0,
          "attributes": {
            "devices": [
              {
                "is_available": false,
                "name": "/dev/oracleoci/oraclevdb"
              },
              {
                "is_available": true,
                "name": "/dev/oracleoci/oraclevdc"
              },
              {
                "is_available": true,
                "name": "/dev/oracleoci/oraclevdd"
              },
              {
                "is_available": true,
                "name": "/dev/oracleoci/oraclevde"
              },
              {
                "is_available": true,
                "name": "/dev/oracleoci/oraclevdf"
              },
              {
                "is_available": true,
                "name": "/dev/oracleoci/oraclevdg"
              },
              {
                "is_available": true,
                "name": "/dev/oracleoci/oraclevdh"
              },
              {
                "is_available": true,
                "name": "/dev/oracleoci/oraclevdi"
              },
              {
                "is_available": true,
                "name": "/dev/oracleoci/oraclevdj"
              },
              {
                "is_available": true,
                "name": "/dev/oracleoci/oraclevdk"
              },
              {
                "is_available": true,
                "name": "/dev/oracleoci/oraclevdl"
              },
              {
                "is_available": true,
                "name": "/dev/oracleoci/oraclevdm"
              },
              {
                "is_available": true,
                "name": "/dev/oracleoci/oraclevdn"
              },
              {
                "is_available": true,
                "name": "/dev/oracleoci/oraclevdo"
              },
              {
                "is_available": true,
                "name": "/dev/oracleoci/oraclevdp"
              },
              {
                "is_available": true,
                "name": "/dev/oracleoci/oraclevdq"
              },
              {
                "is_available": true,
                "name": "/dev/oracleoci/oraclevdr"
              },
              {
                "is_available": true,
                "name": "/dev/oracleoci/oraclevds"
              },
              {
                "is_available": true,
                "name": "/dev/oracleoci/oraclevdt"
              },
              {
                "is_available": true,
                "name": "/dev/oracleoci/oraclevdu"
              },
              {
                "is_available": true,
                "name": "/dev/oracleoci/oraclevdv"
              },
              {
                "is_available": true,
                "name": "/dev/oracleoci/oraclevdw"
              },
              {
                "is_available": true,
                "name": "/dev/oracleoci/oraclevdx"
              },
              {
                "is_available": true,
                "name": "/dev/oracleoci/oraclevdy"
              },
              {
                "is_available": true,
                "name": "/dev/oracleoci/oraclevdz"
              },
              {
                "is_available": true,
                "name": "/dev/oracleoci/oraclevdaa"
              },
              {
                "is_available": true,
                "name": "/dev/oracleoci/oraclevdab"
              },
              {
                "is_available": true,
                "name": "/dev/oracleoci/oraclevdac"
              },
              {
                "is_available": true,
                "name": "/dev/oracleoci/oraclevdad"
              },
              {
                "is_available": true,
                "name": "/dev/oracleoci/oraclevdae"
              },
              {
                "is_available": true,
                "name": "/dev/oracleoci/oraclevdaf"
              },
              {
                "is_available": true,
                "name": "/dev/oracleoci/oraclevdag"
              }
            ],
            "filter": null,
            "id": "CoreInstanceDevicesDataSource-547810861",
            "instance_id": "ocid1.instance.oc1.iad.anuwcljt7rhxvoac4rt2cavykesdhfafr5y42dd4jmjynyjqx5rf3ugg56fa",
            "is_available": null,
            "name": null
          },
          "sensitive_attributes": []
        }
      ]
    },
    {
      "mode": "data",
      "type": "oci_identity_availability_domain",
      "name": "ad",
      "provider": "provider[\"registry.terraform.io/hashicorp/oci\"]",
      "instances": [
        {
          "schema_version": 0,
          "attributes": {
            "ad_number": 1,
            "compartment_id": "ocid1.tenancy.oc1..aaaaaaaax3q5jcmovrv7qxbops55wzrjeutinobtayaykdasoygtnpko7buq",
            "id": "ocid1.availabilitydomain.oc1..aaaaaaaatrwxaogr7dl4yschqtrmqrdv6uzis3mgbnomiagqrfhcb7mxsfdq",
            "name": "kWVD:US-ASHBURN-AD-1"
          },
          "sensitive_attributes": []
        }
      ]
    },
    {
      "mode": "managed",
      "type": "oci_core_default_route_table",
      "name": "default_route_table",
      "provider": "provider[\"registry.terraform.io/hashicorp/oci\"]",
      "instances": [
        {
          "schema_version": 0,
          "attributes": {
            "compartment_id": "ocid1.compartment.oc1..aaaaaaaa65lmc4zqcmimxsppeezftp3ll5gjupjjklqlq6jktlsi6fknbpkq",
            "defined_tags": {
              "Oracle-Tag.CreatedBy": "compute_control_plane_dev_us_grp@oracle.com",
              "Oracle-Tag.CreatedOn": "2021-06-20T18:29:15.439Z"
            },
            "display_name": "DefaultRouteTable",
            "freeform_tags": {},
            "id": "ocid1.routetable.oc1.iad.aaaaaaaagzpkzedk3tnncp2zespvt54watlg4bffzzg42q3jswycc375mfba",
            "manage_default_resource_id": "ocid1.routetable.oc1.iad.aaaaaaaagzpkzedk3tnncp2zespvt54watlg4bffzzg42q3jswycc375mfba",
            "route_rules": [
              {
                "cidr_block": "",
                "description": "",
                "destination": "0.0.0.0/0",
                "destination_type": "CIDR_BLOCK",
                "network_entity_id": "ocid1.internetgateway.oc1.iad.aaaaaaaamzfjrqirmwbuttjokze3cceux2ebo5r7m6bilc3jyefmlnqdnukq"
              }
            ],
            "state": "AVAILABLE",
            "time_created": "2021-06-20 18:29:15.444 +0000 UTC",
            "timeouts": null
          },
          "sensitive_attributes": [],
          "private": "eyJlMmJmYjczMC1lY2FhLTExZTYtOGY4OC0zNDM2M2JjN2M0YzAiOnsiY3JlYXRlIjoxMjAwMDAwMDAwMDAwLCJkZWxldGUiOjEyMDAwMDAwMDAwMDAsInVwZGF0ZSI6MTIwMDAwMDAwMDAwMH19",
          "dependencies": [
            "oci_core_internet_gateway.test_internet_gateway",
            "oci_core_vcn.test_vcn"
          ]
        }
      ]
    },
    {
      "mode": "managed",
      "type": "oci_core_instance",
      "name": "test_instance",
      "provider": "provider[\"registry.terraform.io/hashicorp/oci\"]",
      "instances": [
        {
          "index_key": 0,
          "schema_version": 0,
          "attributes": {
            "agent_config": [
              {
                "are_all_plugins_disabled": false,
                "is_management_disabled": false,
                "is_monitoring_disabled": false,
                "plugins_config": []
              }
            ],
            "availability_config": [
              {
                "is_live_migration_preferred": false,
                "recovery_action": "RESTORE_INSTANCE"
              }
            ],
            "availability_domain": "kWVD:US-ASHBURN-AD-1",
            "boot_volume_id": "ocid1.bootvolume.oc1.iad.abuwcljtftywx3bomfb53imhg2qkkjkdwlvopk33igjwjf4owhlcmzge3mya",
            "capacity_reservation_id": null,
            "compartment_id": "ocid1.compartment.oc1..aaaaaaaa65lmc4zqcmimxsppeezftp3ll5gjupjjklqlq6jktlsi6fknbpkq",
            "create_vnic_details": [
              {
                "assign_private_dns_record": true,
                "assign_public_ip": "true",
                "defined_tags": {
                  "Oracle-Tag.CreatedBy": "compute_control_plane_dev_us_grp@oracle.com",
                  "Oracle-Tag.CreatedOn": "2021-06-20T18:42:04.150Z"
                },
                "display_name": "Primaryvnic",
                "freeform_tags": {
                  "freeformkey0": "freeformvalue0"
                },
                "hostname_label": "exampleinstance0",
                "nsg_ids": [],
                "private_ip": "10.1.20.92",
                "skip_source_dest_check": false,
                "subnet_id": "ocid1.subnet.oc1.iad.aaaaaaaad62cylq6jc644sy7jyp4mmw5ozwta55sbm37mxccuabyixvakowq",
                "vlan_id": ""
              }
            ],
            "dedicated_vm_host_id": null,
            "defined_tags": {
              "Oracle-Tag.CreatedBy": "compute_control_plane_dev_us_grp@oracle.com",
              "Oracle-Tag.CreatedOn": "2021-06-20T18:42:03.940Z"
            },
            "display_name": "TestInstance0",
            "extended_metadata": {},
            "fault_domain": "FAULT-DOMAIN-1",
            "freeform_tags": {
              "freeformkey0": "freeformvalue0"
            },
            "hostname_label": "exampleinstance0",
            "id": "ocid1.instance.oc1.iad.anuwcljt7rhxvoac4rt2cavykesdhfafr5y42dd4jmjynyjqx5rf3ugg56fa",
            "image": "ocid1.image.oc1.iad.aaaaaaaa6tp7lhyrcokdtf7vrbmxyp2pctgg4uxvt4jz4vc47qoc2ec4anha",
            "instance_options": [
              {
                "are_legacy_imds_endpoints_disabled": false
              }
            ],
            "ipxe_script": null,
            "is_pv_encryption_in_transit_enabled": null,
            "launch_mode": "NATIVE",
            "launch_options": [
              {
                "boot_volume_type": "PARAVIRTUALIZED",
                "firmware": "UEFI_64",
                "is_consistent_volume_naming_enabled": true,
                "is_pv_encryption_in_transit_enabled": false,
                "network_type": "VFIO",
                "remote_data_volume_type": "PARAVIRTUALIZED"
              }
            ],
            "metadata": {
              "ssh_authorized_keys": "ssh-rsa AAAAB3NzaC1yc2EAAAADAQABAAABgQCZlL2MR02JWdTPM06ZWebmJI4h30/D8syQDmoTRFiDpU1DzqJTUM/cWPz+DSZM/8CtJtrlVuUvM4iiDw2a9wwjjg4JESFTMe5s2x9Ece+KEfgDo/24NF94WGMzXurtCuMj8+z56c23KyDHyeArXu+K2WnxIpCtB9lZOk5jSImza2dXyO7iiHNAdbnbzTDp+Zbb5105jTMjicmITnAhwCpt9ywj7fDiuF2i0eTGMNeBRja9yXHESfh2+UEus9UsojQjxEclueLGzY24sYFgG5WiXGKmZJ7WmD0jAjQawlSwRdk+jo/IJJnvpMulL2sJaae9ZcXfFamFcsnTH0EmoWFfvSO3m3Wea1PMR+T/fripGduLAUO9ytP8uIPxdF0q/9ug9tizChIKFPMXkhTF2FyfciqfO0AWKWD9gYUywaIy/NSWujGIzMGpfVOWaAj9msvaLdAejMN9levZFhaQMZuw+KhCbpast1vpOTgN7UKpC+twWWCysR6koxhdC2rQdh8= rkisnah@rkisnah-mac"
            },
            "platform_config": [],
            "preemptible_instance_config": [
              {
                "preemption_action": [
                  {
                    "preserve_boot_volume": false,
                    "type": "TERMINATE"
                  }
                ]
              }
            ],
            "preserve_boot_volume": null,
            "private_ip": "10.1.20.92",
            "public_ip": "158.101.114.67",
            "region": "iad",
            "shape": "VM.Standard.E3.Flex",
            "shape_config": [
              {
                "baseline_ocpu_utilization": "",
                "gpu_description": "",
                "gpus": 0,
                "local_disk_description": "",
                "local_disks": 0,
                "local_disks_total_size_in_gbs": 0,
                "max_vnic_attachments": 2,
                "memory_in_gbs": 1,
                "networking_bandwidth_in_gbps": 1,
                "ocpus": 1,
                "processor_description": "2.25 GHz AMD EPYC™ 7742 (Rome)"
              }
            ],
            "source_details": [
              {
                "boot_volume_size_in_gbs": "47",
                "kms_key_id": "",
                "source_id": "ocid1.image.oc1.iad.aaaaaaaa6tp7lhyrcokdtf7vrbmxyp2pctgg4uxvt4jz4vc47qoc2ec4anha",
                "source_type": "image"
              }
            ],
            "state": "RUNNING",
            "subnet_id": "ocid1.subnet.oc1.iad.aaaaaaaad62cylq6jc644sy7jyp4mmw5ozwta55sbm37mxccuabyixvakowq",
            "system_tags": {},
            "time_created": "2021-06-20 18:42:04.492 +0000 UTC",
            "time_maintenance_reboot_due": "",
            "timeouts": {
              "create": "60m",
              "delete": null,
              "update": null
            }
          },
          "sensitive_attributes": [],
          "private": "eyJlMmJmYjczMC1lY2FhLTExZTYtOGY4OC0zNDM2M2JjN2M0YzAiOnsiY3JlYXRlIjozNjAwMDAwMDAwMDAwLCJkZWxldGUiOjQ1MDAwMDAwMDAwMDAsInVwZGF0ZSI6MjcwMDAwMDAwMDAwMH19",
          "dependencies": [
            "data.oci_identity_availability_domain.ad",
            "oci_core_subnet.test_subnet",
            "oci_core_vcn.test_vcn"
          ]
        }
      ]
    },
    {
      "mode": "managed",
      "type": "oci_core_internet_gateway",
      "name": "test_internet_gateway",
      "provider": "provider[\"registry.terraform.io/hashicorp/oci\"]",
      "instances": [
        {
          "schema_version": 0,
          "attributes": {
            "compartment_id": "ocid1.compartment.oc1..aaaaaaaa65lmc4zqcmimxsppeezftp3ll5gjupjjklqlq6jktlsi6fknbpkq",
            "defined_tags": {
              "Oracle-Tag.CreatedBy": "compute_control_plane_dev_us_grp@oracle.com",
              "Oracle-Tag.CreatedOn": "2021-06-20T18:29:16.151Z"
            },
            "display_name": "TestInternetGateway",
            "enabled": true,
            "freeform_tags": {},
            "id": "ocid1.internetgateway.oc1.iad.aaaaaaaamzfjrqirmwbuttjokze3cceux2ebo5r7m6bilc3jyefmlnqdnukq",
            "state": "AVAILABLE",
            "time_created": "2021-06-20 18:29:16.171 +0000 UTC",
            "timeouts": null,
            "vcn_id": "ocid1.vcn.oc1.iad.amaaaaaa7rhxvoaaseus2v2amh36hftrclvxk6spyyiurijgkn6bepks4x2a"
          },
          "sensitive_attributes": [],
          "private": "eyJlMmJmYjczMC1lY2FhLTExZTYtOGY4OC0zNDM2M2JjN2M0YzAiOnsiY3JlYXRlIjoxMjAwMDAwMDAwMDAwLCJkZWxldGUiOjEyMDAwMDAwMDAwMDAsInVwZGF0ZSI6MTIwMDAwMDAwMDAwMH19",
          "dependencies": [
            "oci_core_vcn.test_vcn"
          ]
        }
      ]
    },
    {
      "mode": "managed",
      "type": "oci_core_subnet",
      "name": "test_subnet",
      "provider": "provider[\"registry.terraform.io/hashicorp/oci\"]",
      "instances": [
        {
          "schema_version": 0,
          "attributes": {
            "availability_domain": "kWVD:US-ASHBURN-AD-1",
            "cidr_block": "10.1.20.0/24",
            "compartment_id": "ocid1.compartment.oc1..aaaaaaaa65lmc4zqcmimxsppeezftp3ll5gjupjjklqlq6jktlsi6fknbpkq",
            "defined_tags": {
              "Oracle-Tag.CreatedBy": "compute_control_plane_dev_us_grp@oracle.com",
              "Oracle-Tag.CreatedOn": "2021-06-20T18:29:16.165Z"
            },
            "dhcp_options_id": "ocid1.dhcpoptions.oc1.iad.aaaaaaaac7ixx3rshv3bnlc5rfha3dny3ofgp64ttbwqtzjz3rc3t3al747q",
            "display_name": "TestSubnet",
            "dns_label": "testsubnet",
            "freeform_tags": {},
            "id": "ocid1.subnet.oc1.iad.aaaaaaaad62cylq6jc644sy7jyp4mmw5ozwta55sbm37mxccuabyixvakowq",
            "ipv6cidr_block": null,
            "ipv6virtual_router_ip": null,
            "prohibit_internet_ingress": false,
            "prohibit_public_ip_on_vnic": false,
            "route_table_id": "ocid1.routetable.oc1.iad.aaaaaaaagzpkzedk3tnncp2zespvt54watlg4bffzzg42q3jswycc375mfba",
            "security_list_ids": [
              "ocid1.securitylist.oc1.iad.aaaaaaaadiudue2antc2qb6gdvavehh4ipx6ozlmenyye6owyrnbunex4ygq"
            ],
            "state": "AVAILABLE",
            "subnet_domain_name": "testsubnet.testvcn.oraclevcn.com",
            "time_created": "2021-06-20 18:29:16.328 +0000 UTC",
            "timeouts": null,
            "vcn_id": "ocid1.vcn.oc1.iad.amaaaaaa7rhxvoaaseus2v2amh36hftrclvxk6spyyiurijgkn6bepks4x2a",
            "virtual_router_ip": "10.1.20.1",
            "virtual_router_mac": "00:00:17:56:C6:D4"
          },
          "sensitive_attributes": [],
          "private": "eyJlMmJmYjczMC1lY2FhLTExZTYtOGY4OC0zNDM2M2JjN2M0YzAiOnsiY3JlYXRlIjoxMjAwMDAwMDAwMDAwLCJkZWxldGUiOjEyMDAwMDAwMDAwMDAsInVwZGF0ZSI6MTIwMDAwMDAwMDAwMH19",
          "dependencies": [
            "data.oci_identity_availability_domain.ad",
            "oci_core_vcn.test_vcn"
          ]
        }
      ]
    },
    {
      "mode": "managed",
      "type": "oci_core_vcn",
      "name": "test_vcn",
      "provider": "provider[\"registry.terraform.io/hashicorp/oci\"]",
      "instances": [
        {
          "schema_version": 0,
          "attributes": {
            "cidr_block": "10.1.0.0/16",
            "cidr_blocks": [
              "10.1.0.0/16"
            ],
            "compartment_id": "ocid1.compartment.oc1..aaaaaaaa65lmc4zqcmimxsppeezftp3ll5gjupjjklqlq6jktlsi6fknbpkq",
            "default_dhcp_options_id": "ocid1.dhcpoptions.oc1.iad.aaaaaaaac7ixx3rshv3bnlc5rfha3dny3ofgp64ttbwqtzjz3rc3t3al747q",
            "default_route_table_id": "ocid1.routetable.oc1.iad.aaaaaaaagzpkzedk3tnncp2zespvt54watlg4bffzzg42q3jswycc375mfba",
            "default_security_list_id": "ocid1.securitylist.oc1.iad.aaaaaaaadiudue2antc2qb6gdvavehh4ipx6ozlmenyye6owyrnbunex4ygq",
            "defined_tags": {
              "Oracle-Tag.CreatedBy": "compute_control_plane_dev_us_grp@oracle.com",
              "Oracle-Tag.CreatedOn": "2021-06-20T18:29:15.439Z"
            },
            "display_name": "TestVcn",
            "dns_label": "testvcn",
            "freeform_tags": {},
            "id": "ocid1.vcn.oc1.iad.amaaaaaa7rhxvoaaseus2v2amh36hftrclvxk6spyyiurijgkn6bepks4x2a",
            "ipv6cidr_blocks": [],
            "is_ipv6enabled": false,
            "state": "AVAILABLE",
            "time_created": "2021-06-20 18:29:15.444 +0000 UTC",
            "timeouts": null,
            "vcn_domain_name": "testvcn.oraclevcn.com"
          },
          "sensitive_attributes": [],
          "private": "eyJlMmJmYjczMC1lY2FhLTExZTYtOGY4OC0zNDM2M2JjN2M0YzAiOnsiY3JlYXRlIjoxMjAwMDAwMDAwMDAwLCJkZWxldGUiOjEyMDAwMDAwMDAwMDAsInVwZGF0ZSI6MTIwMDAwMDAwMDAwMH19"
        }
      ]
    },
    {
      "mode": "managed",
      "type": "oci_core_volume",
      "name": "test_block_volume",
      "provider": "provider[\"registry.terraform.io/hashicorp/oci\"]",
      "instances": [
        {
          "index_key": 0,
          "schema_version": 0,
          "attributes": {
            "auto_tuned_vpus_per_gb": null,
            "availability_domain": "kWVD:US-ASHBURN-AD-1",
            "backup_policy_id": null,
            "block_volume_replicas": [],
            "block_volume_replicas_deletion": null,
            "compartment_id": "ocid1.compartment.oc1..aaaaaaaa65lmc4zqcmimxsppeezftp3ll5gjupjjklqlq6jktlsi6fknbpkq",
            "defined_tags": {
              "Oracle-Tag.CreatedBy": "compute_control_plane_dev_us_grp@oracle.com",
              "Oracle-Tag.CreatedOn": "2021-06-20T18:29:15.330Z"
            },
            "display_name": "TestBlock0",
            "freeform_tags": {},
            "id": "ocid1.volume.oc1.iad.abuwcljteb6qfqsnob3m3ia32fhsjj2dnibmekpi2xfv54ljgm3rgnygw43q",
            "is_auto_tune_enabled": false,
            "is_hydrated": true,
            "kms_key_id": null,
            "size_in_gbs": "50",
            "size_in_mbs": "51200",
            "source_details": [],
            "state": "AVAILABLE",
            "system_tags": {},
            "time_created": "2021-06-20 18:29:15.653 +0000 UTC",
            "timeouts": null,
            "volume_backup_id": null,
            "volume_group_id": null,
            "vpus_per_gb": "10"
          },
          "sensitive_attributes": [],
          "private": "eyJlMmJmYjczMC1lY2FhLTExZTYtOGY4OC0zNDM2M2JjN2M0YzAiOnsiY3JlYXRlIjoxMjAwMDAwMDAwMDAwLCJkZWxldGUiOjEyMDAwMDAwMDAwMDAsInVwZGF0ZSI6MTIwMDAwMDAwMDAwMH19",
          "dependencies": [
            "data.oci_identity_availability_domain.ad"
          ]
        }
      ]
    },
    {
      "mode": "managed",
      "type": "oci_core_volume",
      "name": "test_block_volume_paravirtualized",
      "provider": "provider[\"registry.terraform.io/hashicorp/oci\"]",
      "instances": [
        {
          "index_key": 0,
          "schema_version": 0,
          "attributes": {
            "auto_tuned_vpus_per_gb": null,
            "availability_domain": "kWVD:US-ASHBURN-AD-1",
            "backup_policy_id": null,
            "block_volume_replicas": [],
            "block_volume_replicas_deletion": null,
            "compartment_id": "ocid1.compartment.oc1..aaaaaaaa65lmc4zqcmimxsppeezftp3ll5gjupjjklqlq6jktlsi6fknbpkq",
            "defined_tags": {
              "Oracle-Tag.CreatedBy": "compute_control_plane_dev_us_grp@oracle.com",
              "Oracle-Tag.CreatedOn": "2021-06-20T18:29:15.335Z"
            },
            "display_name": "TestBlockParavirtualized0",
            "freeform_tags": {},
            "id": "ocid1.volume.oc1.iad.abuwcljtsduqe5hjnuixmp4ysy7mpwsfqiks47umnckw5vk67ph63qnmrwma",
            "is_auto_tune_enabled": false,
            "is_hydrated": true,
            "kms_key_id": null,
            "size_in_gbs": "50",
            "size_in_mbs": "51200",
            "source_details": [],
            "state": "AVAILABLE",
            "system_tags": {},
            "time_created": "2021-06-20 18:29:15.65 +0000 UTC",
            "timeouts": null,
            "volume_backup_id": null,
            "volume_group_id": null,
            "vpus_per_gb": "10"
          },
          "sensitive_attributes": [],
          "private": "eyJlMmJmYjczMC1lY2FhLTExZTYtOGY4OC0zNDM2M2JjN2M0YzAiOnsiY3JlYXRlIjoxMjAwMDAwMDAwMDAwLCJkZWxldGUiOjEyMDAwMDAwMDAwMDAsInVwZGF0ZSI6MTIwMDAwMDAwMDAwMH19",
          "dependencies": [
            "data.oci_identity_availability_domain.ad"
          ]
        }
      ]
    },
    {
      "mode": "managed",
      "type": "oci_core_volume_attachment",
      "name": "test_block_attach",
      "provider": "provider[\"registry.terraform.io/hashicorp/oci\"]",
      "instances": [
        {
          "index_key": 0,
          "schema_version": 0,
          "attributes": {
            "attachment_type": "iscsi",
            "availability_domain": "kWVD:US-ASHBURN-AD-1",
            "chap_secret": "e2Vkh0nGrBXM5eCl",
            "chap_username": "ocid1.volume.oc1.iad.abuwcljteb6qfqsnob3m3ia32fhsjj2dnibmekpi2xfv54ljgm3rgnygw43q",
            "compartment_id": "ocid1.compartment.oc1..aaaaaaaa65lmc4zqcmimxsppeezftp3ll5gjupjjklqlq6jktlsi6fknbpkq",
            "device": "/dev/oracleoci/oraclevdb",
            "display_name": "volumeattachment20210620184254",
            "encryption_in_transit_type": "NONE",
            "id": "ocid1.volumeattachment.oc1.iad.anuwcljt7rhxvoacmjckwiq7lgdalpgqhjl736dtqg2zqjyugqigqdch3m2q",
            "instance_id": "ocid1.instance.oc1.iad.anuwcljt7rhxvoac4rt2cavykesdhfafr5y42dd4jmjynyjqx5rf3ugg56fa",
            "ipv4": "169.254.2.3",
            "iqn": "iqn.2015-12.com.oracleiaas:34380b51-ba6d-49f5-b652-713cff0496ff",
            "is_multipath": null,
            "is_pv_encryption_in_transit_enabled": false,
            "is_read_only": false,
            "is_shareable": false,
            "iscsi_login_state": "",
            "multipath_devices": [],
            "port": 3260,
            "state": "ATTACHED",
            "time_created": "2021-06-20 18:42:55.078 +0000 UTC",
            "timeouts": null,
            "use_chap": true,
            "volume_id": "ocid1.volume.oc1.iad.abuwcljteb6qfqsnob3m3ia32fhsjj2dnibmekpi2xfv54ljgm3rgnygw43q"
          },
          "sensitive_attributes": [],
          "private": "eyJlMmJmYjczMC1lY2FhLTExZTYtOGY4OC0zNDM2M2JjN2M0YzAiOnsiY3JlYXRlIjoxMjAwMDAwMDAwMDAwLCJkZWxldGUiOjEyMDAwMDAwMDAwMDAsInVwZGF0ZSI6MTIwMDAwMDAwMDAwMH19",
          "dependencies": [
            "oci_core_instance.test_instance",
            "oci_core_subnet.test_subnet",
            "oci_core_vcn.test_vcn",
            "oci_core_volume.test_block_volume",
            "data.oci_identity_availability_domain.ad"
          ]
        }
      ]
    },
    {
      "mode": "managed",
      "type": "oci_core_volume_attachment",
      "name": "test_block_volume_attach_paravirtualized",
      "provider": "provider[\"registry.terraform.io/hashicorp/oci\"]",
      "instances": [
        {
          "index_key": 0,
          "schema_version": 0,
          "attributes": {
            "attachment_type": "paravirtualized",
            "availability_domain": "kWVD:US-ASHBURN-AD-1",
            "chap_secret": null,
            "chap_username": null,
            "compartment_id": "ocid1.compartment.oc1..aaaaaaaa65lmc4zqcmimxsppeezftp3ll5gjupjjklqlq6jktlsi6fknbpkq",
            "device": null,
            "display_name": "volumeattachment20210620184254",
            "encryption_in_transit_type": null,
            "id": "ocid1.volumeattachment.oc1.iad.anuwcljt7rhxvoac5scmimxh3s4eex43cligds2n5cnjfofwupleajnyqcha",
            "instance_id": "ocid1.instance.oc1.iad.anuwcljt7rhxvoac4rt2cavykesdhfafr5y42dd4jmjynyjqx5rf3ugg56fa",
            "ipv4": null,
            "iqn": null,
            "is_multipath": null,
            "is_pv_encryption_in_transit_enabled": false,
            "is_read_only": false,
            "is_shareable": false,
            "iscsi_login_state": "",
            "multipath_devices": [],
            "port": null,
            "state": "ATTACHED",
            "time_created": "2021-06-20 18:42:54.352 +0000 UTC",
            "timeouts": null,
            "use_chap": null,
            "volume_id": "ocid1.volume.oc1.iad.abuwcljtsduqe5hjnuixmp4ysy7mpwsfqiks47umnckw5vk67ph63qnmrwma"
          },
          "sensitive_attributes": [],
          "private": "eyJlMmJmYjczMC1lY2FhLTExZTYtOGY4OC0zNDM2M2JjN2M0YzAiOnsiY3JlYXRlIjoxMjAwMDAwMDAwMDAwLCJkZWxldGUiOjEyMDAwMDAwMDAwMDAsInVwZGF0ZSI6MTIwMDAwMDAwMDAwMH19",
          "dependencies": [
            "oci_core_vcn.test_vcn",
            "oci_core_volume.test_block_volume_paravirtualized",
            "data.oci_identity_availability_domain.ad",
            "oci_core_instance.test_instance",
            "oci_core_subnet.test_subnet"
          ]
        }
      ]
    }
  ]
}
